
Microsoft Visual Studio Solution File, Format Version 12.00
Project("{FAE04EC0-301F-11D3-BF4B-00C04F79EFBC}") = "il2cpp", "il2cpp\il2cpp.csproj", "{999F6579-AC35-4E38-BFBA-FD2D29DA0AF5}"
EndProject
Project("{FAE04EC0-301F-11D3-BF4B-00C04F79EFBC}") = "Unity.IL2CPP.Building", "Unity.IL2CPP.Building\Unity.IL2CPP.Building.csproj", "{C940ECFB-8100-4DB8-9E83-7A85201805AE}"
EndProject
Project("{FAE04EC0-301F-11D3-BF4B-00C04F79EFBC}") = "Unity.IL2CPP", "Unity.IL2CPP\Unity.IL2CPP.csproj", "{FD33E035-CA5D-4982-AD1C-139112FA6DBA}"
EndProject
Project("{FAE04EC0-301F-11D3-BF4B-00C04F79EFBC}") = "huatuo-il2cpp", "huatuo-il2cpp\huatuo-il2cpp.csproj", "{2DD91814-329B-4650-9299-8C401F99DBB0}"
EndProject
Project("{FAE04EC0-301F-11D3-BF4B-00C04F79EFBC}") = "huatuo-preprocess", "huatuo-preprocess\huatuo-preprocess.csproj", "{E575EEF4-4ABC-423E-8A03-8751A8E6B080}"
EndProject
Global
	GlobalSection(SolutionConfigurationPlatforms) = preSolution
		Debug|Any CPU = Debug|Any CPU
		Release|Any CPU = Release|Any CPU
	EndGlobalSection
	GlobalSection(ProjectConfigurationPlatforms) = postSolution
		{999F6579-AC35-4E38-BFBA-FD2D29DA0AF5}.Debug|Any CPU.ActiveCfg = Debug|Any CPU
		{999F6579-AC35-4E38-BFBA-FD2D29DA0AF5}.Debug|Any CPU.Build.0 = Debug|Any CPU
		{999F6579-AC35-4E38-BFBA-FD2D29DA0AF5}.Release|Any CPU.ActiveCfg = Release|Any CPU
		{999F6579-AC35-4E38-BFBA-FD2D29DA0AF5}.Release|Any CPU.Build.0 = Release|Any CPU
		{C940ECFB-8100-4DB8-9E83-7A85201805AE}.Debug|Any CPU.ActiveCfg = Debug|Any CPU
		{C940ECFB-8100-4DB8-9E83-7A85201805AE}.Debug|Any CPU.Build.0 = Debug|Any CPU
		{C940ECFB-8100-4DB8-9E83-7A85201805AE}.Release|Any CPU.ActiveCfg = Release|Any CPU
		{C940ECFB-8100-4DB8-9E83-7A85201805AE}.Release|Any CPU.Build.0 = Release|Any CPU
		{FD33E035-CA5D-4982-AD1C-139112FA6DBA}.Debug|Any CPU.ActiveCfg = Debug|Any CPU
		{FD33E035-CA5D-4982-AD1C-139112FA6DBA}.Debug|Any CPU.Build.0 = Debug|Any CPU
		{FD33E035-CA5D-4982-AD1C-139112FA6DBA}.Release|Any CPU.ActiveCfg = Release|Any CPU
		{FD33E035-CA5D-4982-AD1C-139112FA6DBA}.Release|Any CPU.Build.0 = Release|Any CPU
		{2DD91814-329B-4650-9299-8C401F99DBB0}.Debug|Any CPU.ActiveCfg = Debug|Any CPU
		{2DD91814-329B-4650-9299-8C401F99DBB0}.Debug|Any CPU.Build.0 = Debug|Any CPU
		{2DD91814-329B-4650-9299-8C401F99DBB0}.Release|Any CPU.ActiveCfg = Release|Any CPU
		{2DD91814-329B-4650-9299-8C401F99DBB0}.Release|Any CPU.Build.0 = Release|Any CPU
		{E575EEF4-4ABC-423E-8A03-8751A8E6B080}.Debug|Any CPU.ActiveCfg = Debug|Any CPU
		{E575EEF4-4ABC-423E-8A03-8751A8E6B080}.Debug|Any CPU.Build.0 = Debug|Any CPU
		{E575EEF4-4ABC-423E-8A03-8751A8E6B080}.Release|Any CPU.ActiveCfg = Release|Any CPU
		{E575EEF4-4ABC-423E-8A03-8751A8E6B080}.Release|Any CPU.Build.0 = Release|Any CPU
	EndGlobalSection
EndGlobal
